// !$*UTF8*$!
{
	archiveVersion = 1;
	classes = {
	};
	objectVersion = 46;
	objects = {

/* Begin PBXBuildFile section */
		DCAD6ADC1BD1718F00D5A7FB /* AppDelegate.swift in Sources */ = {isa = PBXBuildFile; fileRef = DCAD6ADB1BD1718F00D5A7FB /* AppDelegate.swift */; };
		DCAD6ADE1BD1718F00D5A7FB /* ViewController.swift in Sources */ = {isa = PBXBuildFile; fileRef = DCAD6ADD1BD1718F00D5A7FB /* ViewController.swift */; };
		DCAD6AE11BD1718F00D5A7FB /* Main.storyboard in Resources */ = {isa = PBXBuildFile; fileRef = DCAD6ADF1BD1718F00D5A7FB /* Main.storyboard */; };
		DCAD6AE31BD1718F00D5A7FB /* Assets.xcassets in Resources */ = {isa = PBXBuildFile; fileRef = DCAD6AE21BD1718F00D5A7FB /* Assets.xcassets */; };
		DCAD6AE61BD1718F00D5A7FB /* LaunchScreen.storyboard in Resources */ = {isa = PBXBuildFile; fileRef = DCAD6AE41BD1718F00D5A7FB /* LaunchScreen.storyboard */; };
		DCAD6AF11BD1718F00D5A7FB /* WKParentCommTests.swift in Sources */ = {isa = PBXBuildFile; fileRef = DCAD6AF01BD1718F00D5A7FB /* WKParentCommTests.swift */; };
		DCAD6B011BD171A700D5A7FB /* Interface.storyboard in Resources */ = {isa = PBXBuildFile; fileRef = DCAD6AFF1BD171A700D5A7FB /* Interface.storyboard */; };
		DCAD6B031BD171A700D5A7FB /* Assets.xcassets in Resources */ = {isa = PBXBuildFile; fileRef = DCAD6B021BD171A700D5A7FB /* Assets.xcassets */; };
		DCAD6B0A1BD171A700D5A7FB /* WKParentCommWatch Extension.appex in Embed App Extensions */ = {isa = PBXBuildFile; fileRef = DCAD6B091BD171A700D5A7FB /* WKParentCommWatch Extension.appex */; settings = {ATTRIBUTES = (RemoveHeadersOnCopy, ); }; };
		DCAD6B111BD171A700D5A7FB /* InterfaceController.swift in Sources */ = {isa = PBXBuildFile; fileRef = DCAD6B101BD171A700D5A7FB /* InterfaceController.swift */; };
		DCAD6B131BD171A700D5A7FB /* ExtensionDelegate.swift in Sources */ = {isa = PBXBuildFile; fileRef = DCAD6B121BD171A700D5A7FB /* ExtensionDelegate.swift */; };
		DCAD6B151BD171A700D5A7FB /* NotificationController.swift in Sources */ = {isa = PBXBuildFile; fileRef = DCAD6B141BD171A700D5A7FB /* NotificationController.swift */; };
		DCAD6B171BD171A700D5A7FB /* Assets.xcassets in Resources */ = {isa = PBXBuildFile; fileRef = DCAD6B161BD171A700D5A7FB /* Assets.xcassets */; };
		DCAD6B1B1BD171A700D5A7FB /* WKParentCommWatch.app in Embed Watch Content */ = {isa = PBXBuildFile; fileRef = DCAD6AFD1BD171A700D5A7FB /* WKParentCommWatch.app */; };
/* End PBXBuildFile section */

/* Begin PBXContainerItemProxy section */
		DCAD6AED1BD1718F00D5A7FB /* PBXContainerItemProxy */ = {
			isa = PBXContainerItemProxy;
			containerPortal = DCAD6AD01BD1718F00D5A7FB /* Project object */;
			proxyType = 1;
			remoteGlobalIDString = DCAD6AD71BD1718F00D5A7FB;
			remoteInfo = WKParentComm;
		};
		DCAD6B0B1BD171A700D5A7FB /* PBXContainerItemProxy */ = {
			isa = PBXContainerItemProxy;
			containerPortal = DCAD6AD01BD1718F00D5A7FB /* Project object */;
			proxyType = 1;
			remoteGlobalIDString = DCAD6B081BD171A700D5A7FB;
			remoteInfo = "WKParentCommWatch Extension";
		};
		DCAD6B191BD171A700D5A7FB /* PBXContainerItemProxy */ = {
			isa = PBXContainerItemProxy;
			containerPortal = DCAD6AD01BD1718F00D5A7FB /* Project object */;
			proxyType = 1;
			remoteGlobalIDString = DCAD6AFC1BD171A700D5A7FB;
			remoteInfo = WKParentCommWatch;
		};
/* End PBXContainerItemProxy section */

/* Begin PBXCopyFilesBuildPhase section */
		DCAD6B1F1BD171A700D5A7FB /* Embed App Extensions */ = {
			isa = PBXCopyFilesBuildPhase;
			buildActionMask = 2147483647;
			dstPath = "";
			dstSubfolderSpec = 13;
			files = (
				DCAD6B0A1BD171A700D5A7FB /* WKParentCommWatch Extension.appex in Embed App Extensions */,
			);
			name = "Embed App Extensions";
			runOnlyForDeploymentPostprocessing = 0;
		};
		DCAD6B231BD171A700D5A7FB /* Embed Watch Content */ = {
			isa = PBXCopyFilesBuildPhase;
			buildActionMask = 2147483647;
			dstPath = "$(CONTENTS_FOLDER_PATH)/Watch";
			dstSubfolderSpec = 16;
			files = (
				DCAD6B1B1BD171A700D5A7FB /* WKParentCommWatch.app in Embed Watch Content */,
			);
			name = "Embed Watch Content";
			runOnlyForDeploymentPostprocessing = 0;
		};
/* End PBXCopyFilesBuildPhase section */

/* Begin PBXFileReference section */
		DCAD6AD81BD1718F00D5A7FB /* WKParentComm.app */ = {isa = PBXFileReference; explicitFileType = wrapper.application; includeInIndex = 0; path = WKParentComm.app; sourceTree = BUILT_PRODUCTS_DIR; };
		DCAD6ADB1BD1718F00D5A7FB /* AppDelegate.swift */ = {isa = PBXFileReference; lastKnownFileType = sourcecode.swift; path = AppDelegate.swift; sourceTree = "<group>"; };
		DCAD6ADD1BD1718F00D5A7FB /* ViewController.swift */ = {isa = PBXFileReference; lastKnownFileType = sourcecode.swift; path = ViewController.swift; sourceTree = "<group>"; };
		DCAD6AE01BD1718F00D5A7FB /* Base */ = {isa = PBXFileReference; lastKnownFileType = file.storyboard; name = Base; path = Base.lproj/Main.storyboard; sourceTree = "<group>"; };
		DCAD6AE21BD1718F00D5A7FB /* Assets.xcassets */ = {isa = PBXFileReference; lastKnownFileType = folder.assetcatalog; path = Assets.xcassets; sourceTree = "<group>"; };
		DCAD6AE51BD1718F00D5A7FB /* Base */ = {isa = PBXFileReference; lastKnownFileType = file.storyboard; name = Base; path = Base.lproj/LaunchScreen.storyboard; sourceTree = "<group>"; };
		DCAD6AE71BD1718F00D5A7FB /* Info.plist */ = {isa = PBXFileReference; lastKnownFileType = text.plist.xml; path = Info.plist; sourceTree = "<group>"; };
		DCAD6AEC1BD1718F00D5A7FB /* WKParentCommTests.xctest */ = {isa = PBXFileReference; explicitFileType = wrapper.cfbundle; includeInIndex = 0; path = WKParentCommTests.xctest; sourceTree = BUILT_PRODUCTS_DIR; };
		DCAD6AF01BD1718F00D5A7FB /* WKParentCommTests.swift */ = {isa = PBXFileReference; lastKnownFileType = sourcecode.swift; path = WKParentCommTests.swift; sourceTree = "<group>"; };
		DCAD6AF21BD1718F00D5A7FB /* Info.plist */ = {isa = PBXFileReference; lastKnownFileType = text.plist.xml; path = Info.plist; sourceTree = "<group>"; };
		DCAD6AFD1BD171A700D5A7FB /* WKParentCommWatch.app */ = {isa = PBXFileReference; explicitFileType = wrapper.application; includeInIndex = 0; path = WKParentCommWatch.app; sourceTree = BUILT_PRODUCTS_DIR; };
		DCAD6B001BD171A700D5A7FB /* Base */ = {isa = PBXFileReference; lastKnownFileType = file.storyboard; name = Base; path = Base.lproj/Interface.storyboard; sourceTree = "<group>"; };
		DCAD6B021BD171A700D5A7FB /* Assets.xcassets */ = {isa = PBXFileReference; lastKnownFileType = folder.assetcatalog; path = Assets.xcassets; sourceTree = "<group>"; };
		DCAD6B041BD171A700D5A7FB /* Info.plist */ = {isa = PBXFileReference; lastKnownFileType = text.plist.xml; path = Info.plist; sourceTree = "<group>"; };
		DCAD6B091BD171A700D5A7FB /* WKParentCommWatch Extension.appex */ = {isa = PBXFileReference; explicitFileType = "wrapper.app-extension"; includeInIndex = 0; path = "WKParentCommWatch Extension.appex"; sourceTree = BUILT_PRODUCTS_DIR; };
		DCAD6B0F1BD171A700D5A7FB /* PushNotificationPayload.apns */ = {isa = PBXFileReference; lastKnownFileType = text; path = PushNotificationPayload.apns; sourceTree = "<group>"; };
		DCAD6B101BD171A700D5A7FB /* InterfaceController.swift */ = {isa = PBXFileReference; lastKnownFileType = sourcecode.swift; path = InterfaceController.swift; sourceTree = "<group>"; };
		DCAD6B121BD171A700D5A7FB /* ExtensionDelegate.swift */ = {isa = PBXFileReference; lastKnownFileType = sourcecode.swift; path = ExtensionDelegate.swift; sourceTree = "<group>"; };
		DCAD6B141BD171A700D5A7FB /* NotificationController.swift */ = {isa = PBXFileReference; lastKnownFileType = sourcecode.swift; path = NotificationController.swift; sourceTree = "<group>"; };
		DCAD6B161BD171A700D5A7FB /* Assets.xcassets */ = {isa = PBXFileReference; lastKnownFileType = folder.assetcatalog; path = Assets.xcassets; sourceTree = "<group>"; };
		DCAD6B181BD171A700D5A7FB /* Info.plist */ = {isa = PBXFileReference; lastKnownFileType = text.plist.xml; path = Info.plist; sourceTree = "<group>"; };
/* End PBXFileReference section */

/* Begin PBXFrameworksBuildPhase section */
		DCAD6AD51BD1718F00D5A7FB /* Frameworks */ = {
			isa = PBXFrameworksBuildPhase;
			buildActionMask = 2147483647;
			files = (
			);
			runOnlyForDeploymentPostprocessing = 0;
		};
		DCAD6AE91BD1718F00D5A7FB /* Frameworks */ = {
			isa = PBXFrameworksBuildPhase;
			buildActionMask = 2147483647;
			files = (
			);
			runOnlyForDeploymentPostprocessing = 0;
		};
		DCAD6B061BD171A700D5A7FB /* Frameworks */ = {
			isa = PBXFrameworksBuildPhase;
			buildActionMask = 2147483647;
			files = (
			);
			runOnlyForDeploymentPostprocessing = 0;
		};
/* End PBXFrameworksBuildPhase section */

/* Begin PBXGroup section */
		DCAD6ACF1BD1718F00D5A7FB = {
			isa = PBXGroup;
			children = (
				DCAD6ADA1BD1718F00D5A7FB /* WKParentComm */,
				DCAD6AEF1BD1718F00D5A7FB /* WKParentCommTests */,
				DCAD6AFE1BD171A700D5A7FB /* WKParentCommWatch */,
				DCAD6B0D1BD171A700D5A7FB /* WKParentCommWatch Extension */,
				DCAD6AD91BD1718F00D5A7FB /* Products */,
			);
			sourceTree = "<group>";
		};
		DCAD6AD91BD1718F00D5A7FB /* Products */ = {
			isa = PBXGroup;
			children = (
				DCAD6AD81BD1718F00D5A7FB /* WKParentComm.app */,
				DCAD6AEC1BD1718F00D5A7FB /* WKParentCommTests.xctest */,
				DCAD6AFD1BD171A700D5A7FB /* WKParentCommWatch.app */,
				DCAD6B091BD171A700D5A7FB /* WKParentCommWatch Extension.appex */,
			);
			name = Products;
			sourceTree = "<group>";
		};
		DCAD6ADA1BD1718F00D5A7FB /* WKParentComm */ = {
			isa = PBXGroup;
			children = (
				DCAD6ADB1BD1718F00D5A7FB /* AppDelegate.swift */,
				DCAD6ADD1BD1718F00D5A7FB /* ViewController.swift */,
				DCAD6ADF1BD1718F00D5A7FB /* Main.storyboard */,
				DCAD6AE21BD1718F00D5A7FB /* Assets.xcassets */,
				DCAD6AE41BD1718F00D5A7FB /* LaunchScreen.storyboard */,
				DCAD6AE71BD1718F00D5A7FB /* Info.plist */,
			);
			path = WKParentComm;
			sourceTree = "<group>";
		};
		DCAD6AEF1BD1718F00D5A7FB /* WKParentCommTests */ = {
			isa = PBXGroup;
			children = (
				DCAD6AF01BD1718F00D5A7FB /* WKParentCommTests.swift */,
				DCAD6AF21BD1718F00D5A7FB /* Info.plist */,
			);
			path = WKParentCommTests;
			sourceTree = "<group>";
		};
		DCAD6AFE1BD171A700D5A7FB /* WKParentCommWatch */ = {
			isa = PBXGroup;
			children = (
				DCAD6AFF1BD171A700D5A7FB /* Interface.storyboard */,
				DCAD6B021BD171A700D5A7FB /* Assets.xcassets */,
				DCAD6B041BD171A700D5A7FB /* Info.plist */,
			);
			path = WKParentCommWatch;
			sourceTree = "<group>";
		};
		DCAD6B0D1BD171A700D5A7FB /* WKParentCommWatch Extension */ = {
			isa = PBXGroup;
			children = (
				DCAD6B101BD171A700D5A7FB /* InterfaceController.swift */,
				DCAD6B121BD171A700D5A7FB /* ExtensionDelegate.swift */,
				DCAD6B141BD171A700D5A7FB /* NotificationController.swift */,
				DCAD6B161BD171A700D5A7FB /* Assets.xcassets */,
				DCAD6B181BD171A700D5A7FB /* Info.plist */,
				DCAD6B0E1BD171A700D5A7FB /* Supporting Files */,
			);
			path = "WKParentCommWatch Extension";
			sourceTree = "<group>";
		};
		DCAD6B0E1BD171A700D5A7FB /* Supporting Files */ = {
			isa = PBXGroup;
			children = (
				DCAD6B0F1BD171A700D5A7FB /* PushNotificationPayload.apns */,
			);
			name = "Supporting Files";
			sourceTree = "<group>";
		};
/* End PBXGroup section */

/* Begin PBXNativeTarget section */
		DCAD6AD71BD1718F00D5A7FB /* WKParentComm */ = {
			isa = PBXNativeTarget;
			buildConfigurationList = DCAD6AF51BD1718F00D5A7FB /* Build configuration list for PBXNativeTarget "WKParentComm" */;
			buildPhases = (
				DCAD6AD41BD1718F00D5A7FB /* Sources */,
				DCAD6AD51BD1718F00D5A7FB /* Frameworks */,
				DCAD6AD61BD1718F00D5A7FB /* Resources */,
				DCAD6B231BD171A700D5A7FB /* Embed Watch Content */,
			);
			buildRules = (
			);
			dependencies = (
				DCAD6B1A1BD171A700D5A7FB /* PBXTargetDependency */,
			);
			name = WKParentComm;
			productName = WKParentComm;
			productReference = DCAD6AD81BD1718F00D5A7FB /* WKParentComm.app */;
			productType = "com.apple.product-type.application";
		};
		DCAD6AEB1BD1718F00D5A7FB /* WKParentCommTests */ = {
			isa = PBXNativeTarget;
			buildConfigurationList = DCAD6AF81BD1718F00D5A7FB /* Build configuration list for PBXNativeTarget "WKParentCommTests" */;
			buildPhases = (
				DCAD6AE81BD1718F00D5A7FB /* Sources */,
				DCAD6AE91BD1718F00D5A7FB /* Frameworks */,
				DCAD6AEA1BD1718F00D5A7FB /* Resources */,
			);
			buildRules = (
			);
			dependencies = (
				DCAD6AEE1BD1718F00D5A7FB /* PBXTargetDependency */,
			);
			name = WKParentCommTests;
			productName = WKParentCommTests;
			productReference = DCAD6AEC1BD1718F00D5A7FB /* WKParentCommTests.xctest */;
			productType = "com.apple.product-type.bundle.unit-test";
		};
		DCAD6AFC1BD171A700D5A7FB /* WKParentCommWatch */ = {
			isa = PBXNativeTarget;
			buildConfigurationList = DCAD6B201BD171A700D5A7FB /* Build configuration list for PBXNativeTarget "WKParentCommWatch" */;
			buildPhases = (
				DCAD6AFB1BD171A700D5A7FB /* Resources */,
				DCAD6B1F1BD171A700D5A7FB /* Embed App Extensions */,
			);
			buildRules = (
			);
			dependencies = (
				DCAD6B0C1BD171A700D5A7FB /* PBXTargetDependency */,
			);
			name = WKParentCommWatch;
			productName = WKParentCommWatch;
			productReference = DCAD6AFD1BD171A700D5A7FB /* WKParentCommWatch.app */;
			productType = "com.apple.product-type.application.watchapp2";
		};
		DCAD6B081BD171A700D5A7FB /* WKParentCommWatch Extension */ = {
			isa = PBXNativeTarget;
			buildConfigurationList = DCAD6B1C1BD171A700D5A7FB /* Build configuration list for PBXNativeTarget "WKParentCommWatch Extension" */;
			buildPhases = (
				DCAD6B051BD171A700D5A7FB /* Sources */,
				DCAD6B061BD171A700D5A7FB /* Frameworks */,
				DCAD6B071BD171A700D5A7FB /* Resources */,
			);
			buildRules = (
			);
			dependencies = (
			);
			name = "WKParentCommWatch Extension";
			productName = "WKParentCommWatch Extension";
			productReference = DCAD6B091BD171A700D5A7FB /* WKParentCommWatch Extension.appex */;
			productType = "com.apple.product-type.watchkit2-extension";
		};
/* End PBXNativeTarget section */

/* Begin PBXProject section */
		DCAD6AD01BD1718F00D5A7FB /* Project object */ = {
			isa = PBXProject;
			attributes = {
				LastUpgradeCheck = 0700;
				ORGANIZATIONNAME = lumiator.technology.com;
				TargetAttributes = {
					DCAD6AD71BD1718F00D5A7FB = {
						CreatedOnToolsVersion = 7.0.1;
						DevelopmentTeam = W2L76H8G3Y;
					};
					DCAD6AEB1BD1718F00D5A7FB = {
						CreatedOnToolsVersion = 7.0.1;
						TestTargetID = DCAD6AD71BD1718F00D5A7FB;
					};
					DCAD6AFC1BD171A700D5A7FB = {
						CreatedOnToolsVersion = 7.0.1;
						DevelopmentTeam = W2L76H8G3Y;
					};
					DCAD6B081BD171A700D5A7FB = {
						CreatedOnToolsVersion = 7.0.1;
						DevelopmentTeam = W2L76H8G3Y;
					};
				};
			};
			buildConfigurationList = DCAD6AD31BD1718F00D5A7FB /* Build configuration list for PBXProject "WKParentComm" */;
			compatibilityVersion = "Xcode 3.2";
			developmentRegion = English;
			hasScannedForEncodings = 0;
			knownRegions = (
				en,
				Base,
			);
			mainGroup = DCAD6ACF1BD1718F00D5A7FB;
			productRefGroup = DCAD6AD91BD1718F00D5A7FB /* Products */;
			projectDirPath = "";
			projectRoot = "";
			targets = (
				DCAD6AD71BD1718F00D5A7FB /* WKParentComm */,
				DCAD6AEB1BD1718F00D5A7FB /* WKParentCommTests */,
				DCAD6AFC1BD171A700D5A7FB /* WKParentCommWatch */,
				DCAD6B081BD171A700D5A7FB /* WKParentCommWatch Extension */,
			);
		};
/* End PBXProject section */

/* Begin PBXResourcesBuildPhase section */
		DCAD6AD61BD1718F00D5A7FB /* Resources */ = {
			isa = PBXResourcesBuildPhase;
			buildActionMask = 2147483647;
			files = (
				DCAD6AE61BD1718F00D5A7FB /* LaunchScreen.storyboard in Resources */,
				DCAD6AE31BD1718F00D5A7FB /* Assets.xcassets in Resources */,
				DCAD6AE11BD1718F00D5A7FB /* Main.storyboard in Resources */,
			);
			runOnlyForDeploymentPostprocessing = 0;
		};
		DCAD6AEA1BD1718F00D5A7FB /* Resources */ = {
			isa = PBXResourcesBuildPhase;
			buildActionMask = 2147483647;
			files = (
			);
			runOnlyForDeploymentPostprocessing = 0;
		};
		DCAD6AFB1BD171A700D5A7FB /* Resources */ = {
			isa = PBXResourcesBuildPhase;
			buildActionMask = 2147483647;
			files = (
				DCAD6B031BD171A700D5A7FB /* Assets.xcassets in Resources */,
				DCAD6B011BD171A700D5A7FB /* Interface.storyboard in Resources */,
			);
			runOnlyForDeploymentPostprocessing = 0;
		};
		DCAD6B071BD171A700D5A7FB /* Resources */ = {
			isa = PBXResourcesBuildPhase;
			buildActionMask = 2147483647;
			files = (
				DCAD6B171BD171A700D5A7FB /* Assets.xcassets in Resources */,
			);
			runOnlyForDeploymentPostprocessing = 0;
		};
/* End PBXResourcesBuildPhase section */

/* Begin PBXSourcesBuildPhase section */
		DCAD6AD41BD1718F00D5A7FB /* Sources */ = {
			isa = PBXSourcesBuildPhase;
			buildActionMask = 2147483647;
			files = (
				DCAD6ADE1BD1718F00D5A7FB /* ViewController.swift in Sources */,
				DCAD6ADC1BD1718F00D5A7FB /* AppDelegate.swift in Sources */,
			);
			runOnlyForDeploymentPostprocessing = 0;
		};
		DCAD6AE81BD1718F00D5A7FB /* Sources */ = {
			isa = PBXSourcesBuildPhase;
			buildActionMask = 2147483647;
			files = (
				DCAD6AF11BD1718F00D5A7FB /* WKParentCommTests.swift in Sources */,
			);
			runOnlyForDeploymentPostprocessing = 0;
		};
		DCAD6B051BD171A700D5A7FB /* Sources */ = {
			isa = PBXSourcesBuildPhase;
			buildActionMask = 2147483647;
			files = (
				DCAD6B151BD171A700D5A7FB /* NotificationController.swift in Sources */,
				DCAD6B131BD171A700D5A7FB /* ExtensionDelegate.swift in Sources */,
				DCAD6B111BD171A700D5A7FB /* InterfaceController.swift in Sources */,
			);
			runOnlyForDeploymentPostprocessing = 0;
		};
/* End PBXSourcesBuildPhase section */

/* Begin PBXTargetDependency section */
		DCAD6AEE1BD1718F00D5A7FB /* PBXTargetDependency */ = {
			isa = PBXTargetDependency;
			target = DCAD6AD71BD1718F00D5A7FB /* WKParentComm */;
			targetProxy = DCAD6AED1BD1718F00D5A7FB /* PBXContainerItemProxy */;
		};
		DCAD6B0C1BD171A700D5A7FB /* PBXTargetDependency */ = {
			isa = PBXTargetDependency;
			target = DCAD6B081BD171A700D5A7FB /* WKParentCommWatch Extension */;
			targetProxy = DCAD6B0B1BD171A700D5A7FB /* PBXContainerItemProxy */;
		};
		DCAD6B1A1BD171A700D5A7FB /* PBXTargetDependency */ = {
			isa = PBXTargetDependency;
			target = DCAD6AFC1BD171A700D5A7FB /* WKParentCommWatch */;
			targetProxy = DCAD6B191BD171A700D5A7FB /* PBXContainerItemProxy */;
		};
/* End PBXTargetDependency section */

/* Begin PBXVariantGroup section */
		DCAD6ADF1BD1718F00D5A7FB /* Main.storyboard */ = {
			isa = PBXVariantGroup;
			children = (
				DCAD6AE01BD1718F00D5A7FB /* Base */,
			);
			name = Main.storyboard;
			sourceTree = "<group>";
		};
		DCAD6AE41BD1718F00D5A7FB /* LaunchScreen.storyboard */ = {
			isa = PBXVariantGroup;
			children = (
				DCAD6AE51BD1718F00D5A7FB /* Base */,
			);
			name = LaunchScreen.storyboard;
			sourceTree = "<group>";
		};
		DCAD6AFF1BD171A700D5A7FB /* Interface.storyboard */ = {
			isa = PBXVariantGroup;
			children = (
				DCAD6B001BD171A700D5A7FB /* Base */,
			);
			name = Interface.storyboard;
			sourceTree = "<group>";
		};
/* End PBXVariantGroup section */

/* Begin XCBuildConfiguration section */
		DCAD6AF31BD1718F00D5A7FB /* Debug */ = {
			isa = XCBuildConfiguration;
			buildSettings = {
				ALWAYS_SEARCH_USER_PATHS = NO;
				CLANG_CXX_LANGUAGE_STANDARD = "gnu++0x";
				CLANG_CXX_LIBRARY = "libc++";
				CLANG_ENABLE_MODULES = YES;
				CLANG_ENABLE_OBJC_ARC = YES;
				CLANG_WARN_BOOL_CONVERSION = YES;
				CLANG_WARN_CONSTANT_CONVERSION = YES;
				CLANG_WARN_DIRECT_OBJC_ISA_USAGE = YES_ERROR;
				CLANG_WARN_EMPTY_BODY = YES;
				CLANG_WARN_ENUM_CONVERSION = YES;
				CLANG_WARN_INT_CONVERSION = YES;
				CLANG_WARN_OBJC_ROOT_CLASS = YES_ERROR;
				CLANG_WARN_UNREACHABLE_CODE = YES;
				CLANG_WARN__DUPLICATE_METHOD_MATCH = YES;
				"CODE_SIGN_IDENTITY[sdk=iphoneos*]" = "iPhone Developer";
				COPY_PHASE_STRIP = NO;
				DEBUG_INFORMATION_FORMAT = dwarf;
				ENABLE_STRICT_OBJC_MSGSEND = YES;
				ENABLE_TESTABILITY = YES;
				GCC_C_LANGUAGE_STANDARD = gnu99;
				GCC_DYNAMIC_NO_PIC = NO;
				GCC_NO_COMMON_BLOCKS = YES;
				GCC_OPTIMIZATION_LEVEL = 0;
				GCC_PREPROCESSOR_DEFINITIONS = (
					"DEBUG=1",
					"$(inherited)",
				);
				GCC_WARN_64_TO_32_BIT_CONVERSION = YES;
				GCC_WARN_ABOUT_RETURN_TYPE = YES_ERROR;
				GCC_WARN_UNDECLARED_SELECTOR = YES;
				GCC_WARN_UNINITIALIZED_AUTOS = YES_AGGRESSIVE;
				GCC_WARN_UNUSED_FUNCTION = YES;
				GCC_WARN_UNUSED_VARIABLE = YES;
				IPHONEOS_DEPLOYMENT_TARGET = 9.0;
				MTL_ENABLE_DEBUG_INFO = YES;
				ONLY_ACTIVE_ARCH = YES;
				SDKROOT = iphoneos;
				SWIFT_OPTIMIZATION_LEVEL = "-Onone";
			};
			name = Debug;
		};
		DCAD6AF41BD1718F00D5A7FB /* Release */ = {
			isa = XCBuildConfiguration;
			buildSettings = {
				ALWAYS_SEARCH_USER_PATHS = NO;
				CLANG_CXX_LANGUAGE_STANDARD = "gnu++0x";
				CLANG_CXX_LIBRARY = "libc++";
				CLANG_ENABLE_MODULES = YES;
				CLANG_ENABLE_OBJC_ARC = YES;
				CLANG_WARN_BOOL_CONVERSION = YES;
				CLANG_WARN_CONSTANT_CONVERSION = YES;
				CLANG_WARN_DIRECT_OBJC_ISA_USAGE = YES_ERROR;
				CLANG_WARN_EMPTY_BODY = YES;
				CLANG_WARN_ENUM_CONVERSION = YES;
				CLANG_WARN_INT_CONVERSION = YES;
				CLANG_WARN_OBJC_ROOT_CLASS = YES_ERROR;
				CLANG_WARN_UNREACHABLE_CODE = YES;
				CLANG_WARN__DUPLICATE_METHOD_MATCH = YES;
				"CODE_SIGN_IDENTITY[sdk=iphoneos*]" = "iPhone Developer";
				COPY_PHASE_STRIP = NO;
				DEBUG_INFORMATION_FORMAT = "dwarf-with-dsym";
				ENABLE_NS_ASSERTIONS = NO;
				ENABLE_STRICT_OBJC_MSGSEND = YES;
				GCC_C_LANGUAGE_STANDARD = gnu99;
				GCC_NO_COMMON_BLOCKS = YES;
				GCC_WARN_64_TO_32_BIT_CONVERSION = YES;
				GCC_WARN_ABOUT_RETURN_TYPE = YES_ERROR;
				GCC_WARN_UNDECLARED_SELECTOR = YES;
				GCC_WARN_UNINITIALIZED_AUTOS = YES_AGGRESSIVE;
				GCC_WARN_UNUSED_FUNCTION = YES;
				GCC_WARN_UNUSED_VARIABLE = YES;
				IPHONEOS_DEPLOYMENT_TARGET = 9.0;
				MTL_ENABLE_DEBUG_INFO = NO;
				SDKROOT = iphoneos;
				VALIDATE_PRODUCT = YES;
			};
			name = Release;
		};
		DCAD6AF61BD1718F00D5A7FB /* Debug */ = {
			isa = XCBuildConfiguration;
			buildSettings = {
				ASSETCATALOG_COMPILER_APPICON_NAME = AppIcon;
				CODE_SIGN_IDENTITY = "iPhone Developer";
				INFOPLIST_FILE = WKParentComm/Info.plist;
				LD_RUNPATH_SEARCH_PATHS = "$(inherited) @executable_path/Frameworks";
				PRODUCT_BUNDLE_IDENTIFIER = com.technology.luminator.WKParentComm;
				PRODUCT_NAME = "$(TARGET_NAME)";
			};
			name = Debug;
		};
		DCAD6AF71BD1718F00D5A7FB /* Release */ = {
			isa = XCBuildConfiguration;
			buildSettings = {
				ASSETCATALOG_COMPILER_APPICON_NAME = AppIcon;
				CODE_SIGN_IDENTITY = "iPhone Developer";
				INFOPLIST_FILE = WKParentComm/Info.plist;
				LD_RUNPATH_SEARCH_PATHS = "$(inherited) @executable_path/Frameworks";
				PRODUCT_BUNDLE_IDENTIFIER = com.technology.luminator.WKParentComm;
				PRODUCT_NAME = "$(TARGET_NAME)";
			};
			name = Release;
		};
		DCAD6AF91BD1718F00D5A7FB /* Debug */ = {
			isa = XCBuildConfiguration;
			buildSettings = {
				BUNDLE_LOADER = "$(TEST_HOST)";
				INFOPLIST_FILE = WKParentCommTests/Info.plist;
				LD_RUNPATH_SEARCH_PATHS = "$(inherited) @executable_path/Frameworks @loader_path/Frameworks";
				PRODUCT_BUNDLE_IDENTIFIER = com.technology.luminator.WKParentCommTests;
				PRODUCT_NAME = "$(TARGET_NAME)";
				TEST_HOST = "$(BUILT_PRODUCTS_DIR)/WKParentComm.app/WKParentComm";
			};
			name = Debug;
		};
		DCAD6AFA1BD1718F00D5A7FB /* Release */ = {
			isa = XCBuildConfiguration;
			buildSettings = {
				BUNDLE_LOADER = "$(TEST_HOST)";
				INFOPLIST_FILE = WKParentCommTests/Info.plist;
				LD_RUNPATH_SEARCH_PATHS = "$(inherited) @executable_path/Frameworks @loader_path/Frameworks";
				PRODUCT_BUNDLE_IDENTIFIER = com.technology.luminator.WKParentCommTests;
				PRODUCT_NAME = "$(TARGET_NAME)";
				TEST_HOST = "$(BUILT_PRODUCTS_DIR)/WKParentComm.app/WKParentComm";
			};
			name = Release;
		};
		DCAD6B1D1BD171A700D5A7FB /* Debug */ = {
			isa = XCBuildConfiguration;
			buildSettings = {
				CODE_SIGN_IDENTITY = "iPhone Developer";
				INFOPLIST_FILE = "WKParentCommWatch Extension/Info.plist";
				LD_RUNPATH_SEARCH_PATHS = "$(inherited) @executable_path/Frameworks @executable_path/../../Frameworks";
				PRODUCT_BUNDLE_IDENTIFIER = com.technology.luminator.WKParentComm.watchkitapp.watchkitextension;
				PRODUCT_NAME = "${TARGET_NAME}";
				SDKROOT = watchos;
				SKIP_INSTALL = YES;
				TARGETED_DEVICE_FAMILY = 4;
				WATCHOS_DEPLOYMENT_TARGET = 2.0;
			};
			name = Debug;
		};
		DCAD6B1E1BD171A700D5A7FB /* Release */ = {
			isa = XCBuildConfiguration;
			buildSettings = {
				CODE_SIGN_IDENTITY = "iPhone Developer";
				INFOPLIST_FILE = "WKParentCommWatch Extension/Info.plist";
				LD_RUNPATH_SEARCH_PATHS = "$(inherited) @executable_path/Frameworks @executable_path/../../Frameworks";
				PRODUCT_BUNDLE_IDENTIFIER = com.technology.luminator.WKParentComm.watchkitapp.watchkitextension;
				PRODUCT_NAME = "${TARGET_NAME}";
				SDKROOT = watchos;
				SKIP_INSTALL = YES;
				TARGETED_DEVICE_FAMILY = 4;
				WATCHOS_DEPLOYMENT_TARGET = 2.0;
			};
			name = Release;
		};
		DCAD6B211BD171A700D5A7FB /* Debug */ = {
			isa = XCBuildConfiguration;
			buildSettings = {
				ASSETCATALOG_COMPILER_APPICON_NAME = AppIcon;
				CODE_SIGN_IDENTITY = "iPhone Developer";
				EMBEDDED_CONTENT_CONTAINS_SWIFT = YES;
				IBSC_MODULE = WKParentCommWatch_Extension;
				INFOPLIST_FILE = WKParentCommWatch/Info.plist;
				PRODUCT_BUNDLE_IDENTIFIER = com.technology.luminator.WKParentComm.watchkitapp;
				PRODUCT_NAME = "$(TARGET_NAME)";
				SDKROOT = watchos;
				SKIP_INSTALL = YES;
				TARGETED_DEVICE_FAMILY = 4;
				WATCHOS_DEPLOYMENT_TARGET = 2.0;
			};
			name = Debug;
		};
		DCAD6B221BD171A700D5A7FB /* Release */ = {
			isa = XCBuildConfiguration;
			buildSettings = {
				ASSETCATALOG_COMPILER_APPICON_NAME = AppIcon;
				CODE_SIGN_IDENTITY = "iPhone Developer";
				EMBEDDED_CONTENT_CONTAINS_SWIFT = YES;
				IBSC_MODULE = WKParentCommWatch_Extension;
				INFOPLIST_FILE = WKParentCommWatch/Info.plist;
				PRODUCT_BUNDLE_IDENTIFIER = com.technology.luminator.WKParentComm.watchkitapp;
				PRODUCT_NAME = "$(TARGET_NAME)";
				SDKROOT = watchos;
				SKIP_INSTALL = YES;
				TARGETED_DEVICE_FAMILY = 4;
				WATCHOS_DEPLOYMENT_TARGET = 2.0;
			};
			name = Release;
		};
/* End XCBuildConfiguration section */

/* Begin XCConfigurationList section */
		DCAD6AD31BD1718F00D5A7FB /* Build configuration list for PBXProject "WKParentComm" */ = {
			isa = XCConfigurationList;
			buildConfigurations = (
				DCAD6AF31BD1718F00D5A7FB /* Debug */,
				DCAD6AF41BD1718F00D5A7FB /* Release */,
			);
			defaultConfigurationIsVisible = 0;
			defaultConfigurationName = Release;
		};
		DCAD6AF51BD1718F00D5A7FB /* Build configuration list for PBXNativeTarget "WKParentComm" */ = {
			isa = XCConfigurationList;
			buildConfigurations = (
				DCAD6AF61BD1718F00D5A7FB /* Debug */,
				DCAD6AF71BD1718F00D5A7FB /* Release */,
			);
			defaultConfigurationIsVisible = 0;
		};
		DCAD6AF81BD1718F00D5A7FB /* Build configuration list for PBXNativeTarget "WKParentCommTests" */ = {
			isa = XCConfigurationList;
			buildConfigurations = (
				DCAD6AF91BD1718F00D5A7FB /* Debug */,
				DCAD6AFA1BD1718F00D5A7FB /* Release */,
			);
			defaultConfigurationIsVisible = 0;
		};
		DCAD6B1C1BD171A700D5A7FB /* Build configuration list for PBXNativeTarget "WKParentCommWatch Extension" */ = {
			isa = XCConfigurationList;
			buildConfigurations = (
				DCAD6B1D1BD171A700D5A7FB /* Debug */,
				DCAD6B1E1BD171A700D5A7FB /* Release */,
			);
			defaultConfigurationIsVisible = 0;
		};
		DCAD6B201BD171A700D5A7FB /* Build configuration list for PBXNativeTarget "WKParentCommWatch" */ = {
			isa = XCConfigurationList;
			buildConfigurations = (
				DCAD6B211BD171A700D5A7FB /* Debug */,
				DCAD6B221BD171A700D5A7FB /* Release */,
			);
			defaultConfigurationIsVisible = 0;
		};
/* End XCConfigurationList section */
	};
	rootObject = DCAD6AD01BD1718F00D5A7FB /* Project object */;
}
